# @generated by Move, please check-in and do not edit manually.

[move]
version = 3
manifest_digest = "0C8DCB6B7F0738151E98D82AA39A0FB037B483525609C74E3F88780068834479"
deps_digest = "060AD7E57DFB13104F21BE5F5C3759D03F0553FC3229247D9A7A6B45F50D03A3"
dependencies = [
  { id = "MoveStdlib", name = "MoveStdlib" },
  { id = "Sui", name = "Sui" },
  { id = "SuiSystem", name = "SuiSystem" },
]

[[move.package]]
id = "MoveStdlib"
source = { git = "https://github.com/MystenLabs/sui.git", rev = "framework/testnet", subdir = "crates/sui-framework/packages/move-stdlib" }

[[move.package]]
id = "Sui"
source = { git = "https://github.com/MystenLabs/sui.git", rev = "framework/testnet", subdir = "crates/sui-framework/packages/sui-framework" }

dependencies = [
  { id = "MoveStdlib", name = "MoveStdlib" },
]

[[move.package]]
id = "SuiSystem"
source = { git = "https://github.com/MystenLabs/sui.git", rev = "framework/testnet", subdir = "crates/sui-framework/packages/sui-system" }

dependencies = [
  { id = "MoveStdlib", name = "MoveStdlib" },
  { id = "Sui", name = "Sui" },
]

[move.toolchain-version]
compiler-version = "1.39.3"
edition = "2024.beta"
flavor = "sui"

[env]

[env.testnet]
chain-id = "4c78adac"
original-published-id = "0x416dd6afb043e530cc56af2b60d375f32aad6008f8d0f4a03e0fef1b8d2aba3c"
latest-published-id = "0x416dd6afb043e530cc56af2b60d375f32aad6008f8d0f4a03e0fef1b8d2aba3c"
published-version = "1"

[env.localnet]
chain-id = "ea876617"
original-published-id = "0x45b8ad80ead412878fdbffaadca2c675648e474c947242c2455875eb66f32de3"
latest-published-id = "0x1248e600dc6b6729c439e7a5825d7928598c3e6e38ad27a081fc86d9b8779183"
published-version = "2"
